
Microsoft Visual Studio Solution File, Format Version 12.00
# Visual Studio Version 16
VisualStudioVersion = 16.0.30907.101
MinimumVisualStudioVersion = 10.0.40219.1
Project("{9A19103F-16F7-4668-BE54-9A1E7A4F7556}") = "RepetitorgCore", "RepetitorgCore\RepetitorgCore.csproj", "{73A67DD6-7290-49D7-A017-74A7F2E99BD1}"
EndProject
Project("{FAE04EC0-301F-11D3-BF4B-00C04F79EFBC}") = "RepetitorgCoreTest", "RepetitorgCoreTest\RepetitorgCoreTest.csproj", "{FC864A0B-5295-4E09-9E42-F00FB904566F}"
EndProject
Global
	GlobalSection(SolutionConfigurationPlatforms) = preSolution
		Debug|Any CPU = Debug|Any CPU
		Release|Any CPU = Release|Any CPU
	EndGlobalSection
	GlobalSection(ProjectConfigurationPlatforms) = postSolution
		{73A67DD6-7290-49D7-A017-74A7F2E99BD1}.Debug|Any CPU.ActiveCfg = Debug|Any CPU
		{73A67DD6-7290-49D7-A017-74A7F2E99BD1}.Debug|Any CPU.Build.0 = Debug|Any CPU
		{73A67DD6-7290-49D7-A017-74A7F2E99BD1}.Release|Any CPU.ActiveCfg = Release|Any CPU
		{73A67DD6-7290-49D7-A017-74A7F2E99BD1}.Release|Any CPU.Build.0 = Release|Any CPU
		{FC864A0B-5295-4E09-9E42-F00FB904566F}.Debug|Any CPU.ActiveCfg = Debug|Any CPU
		{FC864A0B-5295-4E09-9E42-F00FB904566F}.Debug|Any CPU.Build.0 = Debug|Any CPU
		{FC864A0B-5295-4E09-9E42-F00FB904566F}.Release|Any CPU.ActiveCfg = Release|Any CPU
		{FC864A0B-5295-4E09-9E42-F00FB904566F}.Release|Any CPU.Build.0 = Release|Any CPU
	EndGlobalSection
	GlobalSection(SolutionProperties) = preSolution
		HideSolutionNode = FALSE
	EndGlobalSection
	GlobalSection(ExtensibilityGlobals) = postSolution
		SolutionGuid = {4554F1F5-9B6F-4299-9DD7-6624E5E146EC}
	EndGlobalSection
EndGlobal
